
Microsoft Visual Studio Solution File, Format Version 12.00
# Visual Studio Version 16
VisualStudioVersion = 16.0.31205.134
MinimumVisualStudioVersion = 10.0.40219.1
Project("{FAE04EC0-301F-11D3-BF4B-00C04F79EFBC}") = "WebAPI", "WebAPI\WebAPI.csproj", "{6AFA9096-B81B-4D1E-AF96-CF2D3C537445}"
EndProject
Global
	GlobalSection(SolutionConfigurationPlatforms) = preSolution
		Debug|Any CPU = Debug|Any CPU
		Release|Any CPU = Release|Any CPU
	EndGlobalSection
	GlobalSection(ProjectConfigurationPlatforms) = postSolution
		{6AFA9096-B81B-4D1E-AF96-CF2D3C537445}.Debug|Any CPU.ActiveCfg = Debug|Any CPU
		{6AFA9096-B81B-4D1E-AF96-CF2D3C537445}.Debug|Any CPU.Build.0 = Debug|Any CPU
		{6AFA9096-B81B-4D1E-AF96-CF2D3C537445}.Release|Any CPU.ActiveCfg = Release|Any CPU
		{6AFA9096-B81B-4D1E-AF96-CF2D3C537445}.Release|Any CPU.Build.0 = Release|Any CPU
	EndGlobalSection
	GlobalSection(SolutionProperties) = preSolution
		HideSolutionNode = FALSE
	EndGlobalSection
	GlobalSection(ExtensibilityGlobals) = postSolution
		SolutionGuid = {74B4A8A5-13B6-49FC-A9EC-C9CAD93F700A}
	EndGlobalSection
EndGlobal
